// !$*UTF8*$!
{
	archiveVersion = 1;
	classes = {
	};
	objectVersion = 46;
	objects = {

/* Begin PBXBuildFile section */
		3FEB703B19CAB37100F9A792 /* Foundation.framework in Frameworks */ = {isa = PBXBuildFile; fileRef = 3FEB703A19CAB37100F9A792 /* Foundation.framework */; };
		3FEB703D19CAB37100F9A792 /* CoreGraphics.framework in Frameworks */ = {isa = PBXBuildFile; fileRef = 3FEB703C19CAB37100F9A792 /* CoreGraphics.framework */; };
		3FEB703F19CAB37100F9A792 /* UIKit.framework in Frameworks */ = {isa = PBXBuildFile; fileRef = 3FEB703E19CAB37100F9A792 /* UIKit.framework */; };
		3FEB704519CAB37100F9A792 /* InfoPlist.strings in Resources */ = {isa = PBXBuildFile; fileRef = 3FEB704319CAB37100F9A792 /* InfoPlist.strings */; };
		3FEB704719CAB37100F9A792 /* main.m in Sources */ = {isa = PBXBuildFile; fileRef = 3FEB704619CAB37100F9A792 /* main.m */; };
		3FEB704B19CAB37100F9A792 /* AppDelegate.m in Sources */ = {isa = PBXBuildFile; fileRef = 3FEB704A19CAB37100F9A792 /* AppDelegate.m */; };
		3FEB704D19CAB37100F9A792 /* Images.xcassets in Resources */ = {isa = PBXBuildFile; fileRef = 3FEB704C19CAB37100F9A792 /* Images.xcassets */; };
		3FEB705419CAB37100F9A792 /* XCTest.framework in Frameworks */ = {isa = PBXBuildFile; fileRef = 3FEB705319CAB37100F9A792 /* XCTest.framework */; };
		3FEB705519CAB37100F9A792 /* Foundation.framework in Frameworks */ = {isa = PBXBuildFile; fileRef = 3FEB703A19CAB37100F9A792 /* Foundation.framework */; };
		3FEB705619CAB37100F9A792 /* UIKit.framework in Frameworks */ = {isa = PBXBuildFile; fileRef = 3FEB703E19CAB37100F9A792 /* UIKit.framework */; };
		3FEB705E19CAB37100F9A792 /* InfoPlist.strings in Resources */ = {isa = PBXBuildFile; fileRef = 3FEB705C19CAB37100F9A792 /* InfoPlist.strings */; };
		3FEB706019CAB37100F9A792 /* RottenTomotoV2Tests.m in Sources */ = {isa = PBXBuildFile; fileRef = 3FEB705F19CAB37100F9A792 /* RottenTomotoV2Tests.m */; };
/* End PBXBuildFile section */

/* Begin PBXContainerItemProxy section */
		3FEB705719CAB37100F9A792 /* PBXContainerItemProxy */ = {
			isa = PBXContainerItemProxy;
			containerPortal = 3FEB702F19CAB37100F9A792 /* Project object */;
			proxyType = 1;
			remoteGlobalIDString = 3FEB703619CAB37100F9A792;
			remoteInfo = RottenTomotoV2;
		};
/* End PBXContainerItemProxy section */

/* Begin PBXFileReference section */
		3FEB703719CAB37100F9A792 /* RottenTomotoV2.app */ = {isa = PBXFileReference; explicitFileType = wrapper.application; includeInIndex = 0; path = RottenTomotoV2.app; sourceTree = BUILT_PRODUCTS_DIR; };
		3FEB703A19CAB37100F9A792 /* Foundation.framework */ = {isa = PBXFileReference; lastKnownFileType = wrapper.framework; name = Foundation.framework; path = System/Library/Frameworks/Foundation.framework; sourceTree = SDKROOT; };
		3FEB703C19CAB37100F9A792 /* CoreGraphics.framework */ = {isa = PBXFileReference; lastKnownFileType = wrapper.framework; name = CoreGraphics.framework; path = System/Library/Frameworks/CoreGraphics.framework; sourceTree = SDKROOT; };
		3FEB703E19CAB37100F9A792 /* UIKit.framework */ = {isa = PBXFileReference; lastKnownFileType = wrapper.framework; name = UIKit.framework; path = System/Library/Frameworks/UIKit.framework; sourceTree = SDKROOT; };
		3FEB704219CAB37100F9A792 /* RottenTomotoV2-Info.plist */ = {isa = PBXFileReference; lastKnownFileType = text.plist.xml; path = "RottenTomotoV2-Info.plist"; sourceTree = "<group>"; };
		3FEB704419CAB37100F9A792 /* en */ = {isa = PBXFileReference; lastKnownFileType = text.plist.strings; name = en; path = en.lproj/InfoPlist.strings; sourceTree = "<group>"; };
		3FEB704619CAB37100F9A792 /* main.m */ = {isa = PBXFileReference; lastKnownFileType = sourcecode.c.objc; path = main.m; sourceTree = "<group>"; };
		3FEB704819CAB37100F9A792 /* RottenTomotoV2-Prefix.pch */ = {isa = PBXFileReference; lastKnownFileType = sourcecode.c.h; path = "RottenTomotoV2-Prefix.pch"; sourceTree = "<group>"; };
		3FEB704919CAB37100F9A792 /* AppDelegate.h */ = {isa = PBXFileReference; lastKnownFileType = sourcecode.c.h; path = AppDelegate.h; sourceTree = "<group>"; };
		3FEB704A19CAB37100F9A792 /* AppDelegate.m */ = {isa = PBXFileReference; lastKnownFileType = sourcecode.c.objc; path = AppDelegate.m; sourceTree = "<group>"; };
		3FEB704C19CAB37100F9A792 /* Images.xcassets */ = {isa = PBXFileReference; lastKnownFileType = folder.assetcatalog; path = Images.xcassets; sourceTree = "<group>"; };
		3FEB705219CAB37100F9A792 /* RottenTomotoV2Tests.xctest */ = {isa = PBXFileReference; explicitFileType = wrapper.cfbundle; includeInIndex = 0; path = RottenTomotoV2Tests.xctest; sourceTree = BUILT_PRODUCTS_DIR; };
		3FEB705319CAB37100F9A792 /* XCTest.framework */ = {isa = PBXFileReference; lastKnownFileType = wrapper.framework; name = XCTest.framework; path = Library/Frameworks/XCTest.framework; sourceTree = DEVELOPER_DIR; };
		3FEB705B19CAB37100F9A792 /* RottenTomotoV2Tests-Info.plist */ = {isa = PBXFileReference; lastKnownFileType = text.plist.xml; path = "RottenTomotoV2Tests-Info.plist"; sourceTree = "<group>"; };
		3FEB705D19CAB37100F9A792 /* en */ = {isa = PBXFileReference; lastKnownFileType = text.plist.strings; name = en; path = en.lproj/InfoPlist.strings; sourceTree = "<group>"; };
		3FEB705F19CAB37100F9A792 /* RottenTomotoV2Tests.m */ = {isa = PBXFileReference; lastKnownFileType = sourcecode.c.objc; path = RottenTomotoV2Tests.m; sourceTree = "<group>"; };
/* End PBXFileReference section */

/* Begin PBXFrameworksBuildPhase section */
		3FEB703419CAB37100F9A792 /* Frameworks */ = {
			isa = PBXFrameworksBuildPhase;
			buildActionMask = 2147483647;
			files = (
				3FEB703D19CAB37100F9A792 /* CoreGraphics.framework in Frameworks */,
				3FEB703F19CAB37100F9A792 /* UIKit.framework in Frameworks */,
				3FEB703B19CAB37100F9A792 /* Foundation.framework in Frameworks */,
			);
			runOnlyForDeploymentPostprocessing = 0;
		};
		3FEB704F19CAB37100F9A792 /* Frameworks */ = {
			isa = PBXFrameworksBuildPhase;
			buildActionMask = 2147483647;
			files = (
				3FEB705419CAB37100F9A792 /* XCTest.framework in Frameworks */,
				3FEB705619CAB37100F9A792 /* UIKit.framework in Frameworks */,
				3FEB705519CAB37100F9A792 /* Foundation.framework in Frameworks */,
			);
			runOnlyForDeploymentPostprocessing = 0;
		};
/* End PBXFrameworksBuildPhase section */

/* Begin PBXGroup section */
		3FEB702E19CAB37100F9A792 = {
			isa = PBXGroup;
			children = (
				3FEB704019CAB37100F9A792 /* RottenTomotoV2 */,
				3FEB705919CAB37100F9A792 /* RottenTomotoV2Tests */,
				3FEB703919CAB37100F9A792 /* Frameworks */,
				3FEB703819CAB37100F9A792 /* Products */,
			);
			sourceTree = "<group>";
		};
		3FEB703819CAB37100F9A792 /* Products */ = {
			isa = PBXGroup;
			children = (
				3FEB703719CAB37100F9A792 /* RottenTomotoV2.app */,
				3FEB705219CAB37100F9A792 /* RottenTomotoV2Tests.xctest */,
			);
			name = Products;
			sourceTree = "<group>";
		};
		3FEB703919CAB37100F9A792 /* Frameworks */ = {
			isa = PBXGroup;
			children = (
				3FEB703A19CAB37100F9A792 /* Foundation.framework */,
				3FEB703C19CAB37100F9A792 /* CoreGraphics.framework */,
				3FEB703E19CAB37100F9A792 /* UIKit.framework */,
				3FEB705319CAB37100F9A792 /* XCTest.framework */,
			);
			name = Frameworks;
			sourceTree = "<group>";
		};
		3FEB704019CAB37100F9A792 /* RottenTomotoV2 */ = {
			isa = PBXGroup;
			children = (
				3FEB704919CAB37100F9A792 /* AppDelegate.h */,
				3FEB704A19CAB37100F9A792 /* AppDelegate.m */,
				3FEB704C19CAB37100F9A792 /* Images.xcassets */,
				3FEB704119CAB37100F9A792 /* Supporting Files */,
			);
			path = RottenTomotoV2;
			sourceTree = "<group>";
		};
		3FEB704119CAB37100F9A792 /* Supporting Files */ = {
			isa = PBXGroup;
			children = (
				3FEB704219CAB37100F9A792 /* RottenTomotoV2-Info.plist */,
				3FEB704319CAB37100F9A792 /* InfoPlist.strings */,
				3FEB704619CAB37100F9A792 /* main.m */,
				3FEB704819CAB37100F9A792 /* RottenTomotoV2-Prefix.pch */,
			);
			name = "Supporting Files";
			sourceTree = "<group>";
		};
		3FEB705919CAB37100F9A792 /* RottenTomotoV2Tests */ = {
			isa = PBXGroup;
			children = (
				3FEB705F19CAB37100F9A792 /* RottenTomotoV2Tests.m */,
				3FEB705A19CAB37100F9A792 /* Supporting Files */,
			);
			path = RottenTomotoV2Tests;
			sourceTree = "<group>";
		};
		3FEB705A19CAB37100F9A792 /* Supporting Files */ = {
			isa = PBXGroup;
			children = (
				3FEB705B19CAB37100F9A792 /* RottenTomotoV2Tests-Info.plist */,
				3FEB705C19CAB37100F9A792 /* InfoPlist.strings */,
			);
			name = "Supporting Files";
			sourceTree = "<group>";
		};
/* End PBXGroup section */

/* Begin PBXNativeTarget section */
		3FEB703619CAB37100F9A792 /* RottenTomotoV2 */ = {
			isa = PBXNativeTarget;
			buildConfigurationList = 3FEB706319CAB37100F9A792 /* Build configuration list for PBXNativeTarget "RottenTomotoV2" */;
			buildPhases = (
				3FEB703319CAB37100F9A792 /* Sources */,
				3FEB703419CAB37100F9A792 /* Frameworks */,
				3FEB703519CAB37100F9A792 /* Resources */,
			);
			buildRules = (
			);
			dependencies = (
			);
			name = RottenTomotoV2;
			productName = RottenTomotoV2;
			productReference = 3FEB703719CAB37100F9A792 /* RottenTomotoV2.app */;
			productType = "com.apple.product-type.application";
		};
		3FEB705119CAB37100F9A792 /* RottenTomotoV2Tests */ = {
			isa = PBXNativeTarget;
			buildConfigurationList = 3FEB706619CAB37100F9A792 /* Build configuration list for PBXNativeTarget "RottenTomotoV2Tests" */;
			buildPhases = (
				3FEB704E19CAB37100F9A792 /* Sources */,
				3FEB704F19CAB37100F9A792 /* Frameworks */,
				3FEB705019CAB37100F9A792 /* Resources */,
			);
			buildRules = (
			);
			dependencies = (
				3FEB705819CAB37100F9A792 /* PBXTargetDependency */,
			);
			name = RottenTomotoV2Tests;
			productName = RottenTomotoV2Tests;
			productReference = 3FEB705219CAB37100F9A792 /* RottenTomotoV2Tests.xctest */;
			productType = "com.apple.product-type.bundle.unit-test";
		};
/* End PBXNativeTarget section */

/* Begin PBXProject section */
		3FEB702F19CAB37100F9A792 /* Project object */ = {
			isa = PBXProject;
			attributes = {
				LastUpgradeCheck = 0510;
				ORGANIZATIONNAME = "Vijay Jain";
				TargetAttributes = {
					3FEB705119CAB37100F9A792 = {
						TestTargetID = 3FEB703619CAB37100F9A792;
					};
				};
			};
			buildConfigurationList = 3FEB703219CAB37100F9A792 /* Build configuration list for PBXProject "RottenTomotoV2" */;
			compatibilityVersion = "Xcode 3.2";
			developmentRegion = English;
			hasScannedForEncodings = 0;
			knownRegions = (
				en,
			);
			mainGroup = 3FEB702E19CAB37100F9A792;
			productRefGroup = 3FEB703819CAB37100F9A792 /* Products */;
			projectDirPath = "";
			projectRoot = "";
			targets = (
				3FEB703619CAB37100F9A792 /* RottenTomotoV2 */,
				3FEB705119CAB37100F9A792 /* RottenTomotoV2Tests */,
			);
		};
/* End PBXProject section */

/* Begin PBXResourcesBuildPhase section */
		3FEB703519CAB37100F9A792 /* Resources */ = {
			isa = PBXResourcesBuildPhase;
			buildActionMask = 2147483647;
			files = (
				3FEB704519CAB37100F9A792 /* InfoPlist.strings in Resources */,
				3FEB704D19CAB37100F9A792 /* Images.xcassets in Resources */,
			);
			runOnlyForDeploymentPostprocessing = 0;
		};
		3FEB705019CAB37100F9A792 /* Resources */ = {
			isa = PBXResourcesBuildPhase;
			buildActionMask = 2147483647;
			files = (
				3FEB705E19CAB37100F9A792 /* InfoPlist.strings in Resources */,
			);
			runOnlyForDeploymentPostprocessing = 0;
		};
/* End PBXResourcesBuildPhase section */

/* Begin PBXSourcesBuildPhase section */
		3FEB703319CAB37100F9A792 /* Sources */ = {
			isa = PBXSourcesBuildPhase;
			buildActionMask = 2147483647;
			files = (
				3FEB704B19CAB37100F9A792 /* AppDelegate.m in Sources */,
				3FEB704719CAB37100F9A792 /* main.m in Sources */,
			);
			runOnlyForDeploymentPostprocessing = 0;
		};
		3FEB704E19CAB37100F9A792 /* Sources */ = {
			isa = PBXSourcesBuildPhase;
			buildActionMask = 2147483647;
			files = (
				3FEB706019CAB37100F9A792 /* RottenTomotoV2Tests.m in Sources */,
			);
			runOnlyForDeploymentPostprocessing = 0;
		};
/* End PBXSourcesBuildPhase section */

/* Begin PBXTargetDependency section */
		3FEB705819CAB37100F9A792 /* PBXTargetDependency */ = {
			isa = PBXTargetDependency;
			target = 3FEB703619CAB37100F9A792 /* RottenTomotoV2 */;
			targetProxy = 3FEB705719CAB37100F9A792 /* PBXContainerItemProxy */;
		};
/* End PBXTargetDependency section */

/* Begin PBXVariantGroup section */
		3FEB704319CAB37100F9A792 /* InfoPlist.strings */ = {
			isa = PBXVariantGroup;
			children = (
				3FEB704419CAB37100F9A792 /* en */,
			);
			name = InfoPlist.strings;
			sourceTree = "<group>";
		};
		3FEB705C19CAB37100F9A792 /* InfoPlist.strings */ = {
			isa = PBXVariantGroup;
			children = (
				3FEB705D19CAB37100F9A792 /* en */,
			);
			name = InfoPlist.strings;
			sourceTree = "<group>";
		};
/* End PBXVariantGroup section */

/* Begin XCBuildConfiguration section */
		3FEB706119CAB37100F9A792 /* Debug */ = {
			isa = XCBuildConfiguration;
			buildSettings = {
				ALWAYS_SEARCH_USER_PATHS = NO;
				CLANG_CXX_LANGUAGE_STANDARD = "gnu++0x";
				CLANG_CXX_LIBRARY = "libc++";
				CLANG_ENABLE_MODULES = YES;
				CLANG_ENABLE_OBJC_ARC = YES;
				CLANG_WARN_BOOL_CONVERSION = YES;
				CLANG_WARN_CONSTANT_CONVERSION = YES;
				CLANG_WARN_DIRECT_OBJC_ISA_USAGE = YES_ERROR;
				CLANG_WARN_EMPTY_BODY = YES;
				CLANG_WARN_ENUM_CONVERSION = YES;
				CLANG_WARN_INT_CONVERSION = YES;
				CLANG_WARN_OBJC_ROOT_CLASS = YES_ERROR;
				CLANG_WARN__DUPLICATE_METHOD_MATCH = YES;
				"CODE_SIGN_IDENTITY[sdk=iphoneos*]" = "iPhone Developer";
				COPY_PHASE_STRIP = NO;
				GCC_C_LANGUAGE_STANDARD = gnu99;
				GCC_DYNAMIC_NO_PIC = NO;
				GCC_OPTIMIZATION_LEVEL = 0;
				GCC_PREPROCESSOR_DEFINITIONS = (
					"DEBUG=1",
					"$(inherited)",
				);
				GCC_SYMBOLS_PRIVATE_EXTERN = NO;
				GCC_WARN_64_TO_32_BIT_CONVERSION = YES;
				GCC_WARN_ABOUT_RETURN_TYPE = YES_ERROR;
				GCC_WARN_UNDECLARED_SELECTOR = YES;
				GCC_WARN_UNINITIALIZED_AUTOS = YES_AGGRESSIVE;
				GCC_WARN_UNUSED_FUNCTION = YES;
				GCC_WARN_UNUSED_VARIABLE = YES;
				IPHONEOS_DEPLOYMENT_TARGET = 7.1;
				ONLY_ACTIVE_ARCH = YES;
				SDKROOT = iphoneos;
			};
			name = Debug;
		};
		3FEB706219CAB37100F9A792 /* Release */ = {
			isa = XCBuildConfiguration;
			buildSettings = {
				ALWAYS_SEARCH_USER_PATHS = NO;
				CLANG_CXX_LANGUAGE_STANDARD = "gnu++0x";
				CLANG_CXX_LIBRARY = "libc++";
				CLANG_ENABLE_MODULES = YES;
				CLANG_ENABLE_OBJC_ARC = YES;
				CLANG_WARN_BOOL_CONVERSION = YES;
				CLANG_WARN_CONSTANT_CONVERSION = YES;
				CLANG_WARN_DIRECT_OBJC_ISA_USAGE = YES_ERROR;
				CLANG_WARN_EMPTY_BODY = YES;
				CLANG_WARN_ENUM_CONVERSION = YES;
				CLANG_WARN_INT_CONVERSION = YES;
				CLANG_WARN_OBJC_ROOT_CLASS = YES_ERROR;
				CLANG_WARN__DUPLICATE_METHOD_MATCH = YES;
				"CODE_SIGN_IDENTITY[sdk=iphoneos*]" = "iPhone Developer";
				COPY_PHASE_STRIP = YES;
				ENABLE_NS_ASSERTIONS = NO;
				GCC_C_LANGUAGE_STANDARD = gnu99;
				GCC_WARN_64_TO_32_BIT_CONVERSION = YES;
				GCC_WARN_ABOUT_RETURN_TYPE = YES_ERROR;
				GCC_WARN_UNDECLARED_SELECTOR = YES;
				GCC_WARN_UNINITIALIZED_AUTOS = YES_AGGRESSIVE;
				GCC_WARN_UNUSED_FUNCTION = YES;
				GCC_WARN_UNUSED_VARIABLE = YES;
				IPHONEOS_DEPLOYMENT_TARGET = 7.1;
				SDKROOT = iphoneos;
				VALIDATE_PRODUCT = YES;
			};
			name = Release;
		};
		3FEB706419CAB37100F9A792 /* Debug */ = {
			isa = XCBuildConfiguration;
			buildSettings = {
				ASSETCATALOG_COMPILER_APPICON_NAME = AppIcon;
				ASSETCATALOG_COMPILER_LAUNCHIMAGE_NAME = LaunchImage;
				GCC_PRECOMPILE_PREFIX_HEADER = YES;
				GCC_PREFIX_HEADER = "RottenTomotoV2/RottenTomotoV2-Prefix.pch";
				INFOPLIST_FILE = "RottenTomotoV2/RottenTomotoV2-Info.plist";
				PRODUCT_NAME = "$(TARGET_NAME)";
				WRAPPER_EXTENSION = app;
			};
			name = Debug;
		};
		3FEB706519CAB37100F9A792 /* Release */ = {
			isa = XCBuildConfiguration;
			buildSettings = {
				ASSETCATALOG_COMPILER_APPICON_NAME = AppIcon;
				ASSETCATALOG_COMPILER_LAUNCHIMAGE_NAME = LaunchImage;
				GCC_PRECOMPILE_PREFIX_HEADER = YES;
				GCC_PREFIX_HEADER = "RottenTomotoV2/RottenTomotoV2-Prefix.pch";
				INFOPLIST_FILE = "RottenTomotoV2/RottenTomotoV2-Info.plist";
				PRODUCT_NAME = "$(TARGET_NAME)";
				WRAPPER_EXTENSION = app;
			};
			name = Release;
		};
		3FEB706719CAB37100F9A792 /* Debug */ = {
			isa = XCBuildConfiguration;
			buildSettings = {
				BUNDLE_LOADER = "$(BUILT_PRODUCTS_DIR)/RottenTomotoV2.app/RottenTomotoV2";
				FRAMEWORK_SEARCH_PATHS = (
					"$(SDKROOT)/Developer/Library/Frameworks",
					"$(inherited)",
					"$(DEVELOPER_FRAMEWORKS_DIR)",
				);
				GCC_PRECOMPILE_PREFIX_HEADER = YES;
				GCC_PREFIX_HEADER = "RottenTomotoV2/RottenTomotoV2-Prefix.pch";
				GCC_PREPROCESSOR_DEFINITIONS = (
					"DEBUG=1",
					"$(inherited)",
				);
				INFOPLIST_FILE = "RottenTomotoV2Tests/RottenTomotoV2Tests-Info.plist";
				PRODUCT_NAME = "$(TARGET_NAME)";
				TEST_HOST = "$(BUNDLE_LOADER)";
				WRAPPER_EXTENSION = xctest;
			};
			name = Debug;
		};
		3FEB706819CAB37100F9A792 /* Release */ = {
			isa = XCBuildConfiguration;
			buildSettings = {
				BUNDLE_LOADER = "$(BUILT_PRODUCTS_DIR)/RottenTomotoV2.app/RottenTomotoV2";
				FRAMEWORK_SEARCH_PATHS = (
					"$(SDKROOT)/Developer/Library/Frameworks",
					"$(inherited)",
					"$(DEVELOPER_FRAMEWORKS_DIR)",
				);
				GCC_PRECOMPILE_PREFIX_HEADER = YES;
				GCC_PREFIX_HEADER = "RottenTomotoV2/RottenTomotoV2-Prefix.pch";
				INFOPLIST_FILE = "RottenTomotoV2Tests/RottenTomotoV2Tests-Info.plist";
				PRODUCT_NAME = "$(TARGET_NAME)";
				TEST_HOST = "$(BUNDLE_LOADER)";
				WRAPPER_EXTENSION = xctest;
			};
			name = Release;
		};
/* End XCBuildConfiguration section */

/* Begin XCConfigurationList section */
		3FEB703219CAB37100F9A792 /* Build configuration list for PBXProject "RottenTomotoV2" */ = {
			isa = XCConfigurationList;
			buildConfigurations = (
				3FEB706119CAB37100F9A792 /* Debug */,
				3FEB706219CAB37100F9A792 /* Release */,
			);
			defaultConfigurationIsVisible = 0;
			defaultConfigurationName = Release;
		};
		3FEB706319CAB37100F9A792 /* Build configuration list for PBXNativeTarget "RottenTomotoV2" */ = {
			isa = XCConfigurationList;
			buildConfigurations = (
				3FEB706419CAB37100F9A792 /* Debug */,
				3FEB706519CAB37100F9A792 /* Release */,
			);
			defaultConfigurationIsVisible = 0;
		};
		3FEB706619CAB37100F9A792 /* Build configuration list for PBXNativeTarget "RottenTomotoV2Tests" */ = {
			isa = XCConfigurationList;
			buildConfigurations = (
				3FEB706719CAB37100F9A792 /* Debug */,
				3FEB706819CAB37100F9A792 /* Release */,
			);
			defaultConfigurationIsVisible = 0;
		};
/* End XCConfigurationList section */
	};
	rootObject = 3FEB702F19CAB37100F9A792 /* Project object */;
}
